
Microsoft Visual Studio Solution File, Format Version 12.00
# Visual Studio Version 16
VisualStudioVersion = 16.0.808.7
MinimumVisualStudioVersion = 10.0.40219.1
Project("{FAE04EC0-301F-11D3-BF4B-00C04F79EFBC}") = "Sec06-OOP", "Sec06-OOP\Sec06-OOP.csproj", "{F26BCB81-2D4F-4CBA-90DA-BA07B445303A}"
EndProject
Global
	GlobalSection(SolutionConfigurationPlatforms) = preSolution
		Debug|Any CPU = Debug|Any CPU
		Release|Any CPU = Release|Any CPU
	EndGlobalSection
	GlobalSection(ProjectConfigurationPlatforms) = postSolution
		{F26BCB81-2D4F-4CBA-90DA-BA07B445303A}.Debug|Any CPU.ActiveCfg = Debug|Any CPU
		{F26BCB81-2D4F-4CBA-90DA-BA07B445303A}.Debug|Any CPU.Build.0 = Debug|Any CPU
		{F26BCB81-2D4F-4CBA-90DA-BA07B445303A}.Release|Any CPU.ActiveCfg = Release|Any CPU
		{F26BCB81-2D4F-4CBA-90DA-BA07B445303A}.Release|Any CPU.Build.0 = Release|Any CPU
	EndGlobalSection
	GlobalSection(SolutionProperties) = preSolution
		HideSolutionNode = FALSE
	EndGlobalSection
	GlobalSection(ExtensibilityGlobals) = postSolution
		SolutionGuid = {37467CC7-DB06-4B1F-9DAF-208E4F2AA9D8}
	EndGlobalSection
EndGlobal
