
Microsoft Visual Studio Solution File, Format Version 12.00
# Visual Studio Version 16
VisualStudioVersion = 16.0.808.7
MinimumVisualStudioVersion = 10.0.40219.1
Project("{FAE04EC0-301F-11D3-BF4B-00C04F79EFBC}") = "Sec05", "Sec05\Sec05.csproj", "{CEAEA1A8-560C-4559-868A-6D1432642309}"
EndProject
Global
	GlobalSection(SolutionConfigurationPlatforms) = preSolution
		Debug|Any CPU = Debug|Any CPU
		Release|Any CPU = Release|Any CPU
	EndGlobalSection
	GlobalSection(ProjectConfigurationPlatforms) = postSolution
		{CEAEA1A8-560C-4559-868A-6D1432642309}.Debug|Any CPU.ActiveCfg = Debug|Any CPU
		{CEAEA1A8-560C-4559-868A-6D1432642309}.Debug|Any CPU.Build.0 = Debug|Any CPU
		{CEAEA1A8-560C-4559-868A-6D1432642309}.Release|Any CPU.ActiveCfg = Release|Any CPU
		{CEAEA1A8-560C-4559-868A-6D1432642309}.Release|Any CPU.Build.0 = Release|Any CPU
	EndGlobalSection
	GlobalSection(SolutionProperties) = preSolution
		HideSolutionNode = FALSE
	EndGlobalSection
	GlobalSection(ExtensibilityGlobals) = postSolution
		SolutionGuid = {CB43FFD3-26A8-4F20-9881-7F7F662E1637}
	EndGlobalSection
EndGlobal
