
Microsoft Visual Studio Solution File, Format Version 12.00
# Visual Studio Version 16
VisualStudioVersion = 16.0.808.7
MinimumVisualStudioVersion = 10.0.40219.1
Project("{FAE04EC0-301F-11D3-BF4B-00C04F79EFBC}") = "sec06-member_and_destructor", "sec06-member_and_destructor\sec06-member_and_destructor.csproj", "{4813F87F-77B3-4DB6-B7AB-987544EB5207}"
EndProject
Global
	GlobalSection(SolutionConfigurationPlatforms) = preSolution
		Debug|Any CPU = Debug|Any CPU
		Release|Any CPU = Release|Any CPU
	EndGlobalSection
	GlobalSection(ProjectConfigurationPlatforms) = postSolution
		{4813F87F-77B3-4DB6-B7AB-987544EB5207}.Debug|Any CPU.ActiveCfg = Debug|Any CPU
		{4813F87F-77B3-4DB6-B7AB-987544EB5207}.Debug|Any CPU.Build.0 = Debug|Any CPU
		{4813F87F-77B3-4DB6-B7AB-987544EB5207}.Release|Any CPU.ActiveCfg = Release|Any CPU
		{4813F87F-77B3-4DB6-B7AB-987544EB5207}.Release|Any CPU.Build.0 = Release|Any CPU
	EndGlobalSection
	GlobalSection(SolutionProperties) = preSolution
		HideSolutionNode = FALSE
	EndGlobalSection
	GlobalSection(ExtensibilityGlobals) = postSolution
		SolutionGuid = {6588FE29-F142-4DFE-80DF-140B53A502C5}
	EndGlobalSection
EndGlobal
