
Microsoft Visual Studio Solution File, Format Version 12.00
# Visual Studio Version 16
VisualStudioVersion = 16.0.808.7
MinimumVisualStudioVersion = 10.0.40219.1
Project("{FAE04EC0-301F-11D3-BF4B-00C04F79EFBC}") = "Sec03", "Sec03\Sec03.csproj", "{0971109B-FC70-42C2-BE5B-DA30C9EDFEBF}"
EndProject
Global
	GlobalSection(SolutionConfigurationPlatforms) = preSolution
		Debug|Any CPU = Debug|Any CPU
		Release|Any CPU = Release|Any CPU
	EndGlobalSection
	GlobalSection(ProjectConfigurationPlatforms) = postSolution
		{0971109B-FC70-42C2-BE5B-DA30C9EDFEBF}.Debug|Any CPU.ActiveCfg = Debug|Any CPU
		{0971109B-FC70-42C2-BE5B-DA30C9EDFEBF}.Debug|Any CPU.Build.0 = Debug|Any CPU
		{0971109B-FC70-42C2-BE5B-DA30C9EDFEBF}.Release|Any CPU.ActiveCfg = Release|Any CPU
		{0971109B-FC70-42C2-BE5B-DA30C9EDFEBF}.Release|Any CPU.Build.0 = Release|Any CPU
	EndGlobalSection
	GlobalSection(SolutionProperties) = preSolution
		HideSolutionNode = FALSE
	EndGlobalSection
	GlobalSection(ExtensibilityGlobals) = postSolution
		SolutionGuid = {EB26D428-FDCE-45C9-BDA1-44D69313CF94}
	EndGlobalSection
EndGlobal
