
Microsoft Visual Studio Solution File, Format Version 12.00
# Visual Studio Version 16
VisualStudioVersion = 16.0.808.8
MinimumVisualStudioVersion = 10.0.40219.1
Project("{FAE04EC0-301F-11D3-BF4B-00C04F79EFBC}") = "Sec09-Inheritance", "Sec09-Inheritance\Sec09-Inheritance.csproj", "{0C6ACF74-9310-4AFE-AFA3-31B54AD98CD9}"
EndProject
Global
	GlobalSection(SolutionConfigurationPlatforms) = preSolution
		Debug|Any CPU = Debug|Any CPU
		Release|Any CPU = Release|Any CPU
	EndGlobalSection
	GlobalSection(ProjectConfigurationPlatforms) = postSolution
		{0C6ACF74-9310-4AFE-AFA3-31B54AD98CD9}.Debug|Any CPU.ActiveCfg = Debug|Any CPU
		{0C6ACF74-9310-4AFE-AFA3-31B54AD98CD9}.Debug|Any CPU.Build.0 = Debug|Any CPU
		{0C6ACF74-9310-4AFE-AFA3-31B54AD98CD9}.Release|Any CPU.ActiveCfg = Release|Any CPU
		{0C6ACF74-9310-4AFE-AFA3-31B54AD98CD9}.Release|Any CPU.Build.0 = Release|Any CPU
	EndGlobalSection
	GlobalSection(SolutionProperties) = preSolution
		HideSolutionNode = FALSE
	EndGlobalSection
	GlobalSection(ExtensibilityGlobals) = postSolution
		SolutionGuid = {E4D5E33E-FA88-4740-AB5E-D0A8F4C5D0DB}
	EndGlobalSection
EndGlobal
